
Microsoft Visual Studio Solution File, Format Version 12.00
# Visual Studio Version 16
VisualStudioVersion = 16.0.30114.105
MinimumVisualStudioVersion = 10.0.40219.1
Project("{FAE04EC0-301F-11D3-BF4B-00C04F79EFBC}") = "mp3-parcer", "mp3-parcer.csproj", "{54DAE615-621E-4802-996A-C8D7CDCF00BC}"
EndProject
Global
	GlobalSection(SolutionConfigurationPlatforms) = preSolution
		Debug|Any CPU = Debug|Any CPU
		Release|Any CPU = Release|Any CPU
	EndGlobalSection
	GlobalSection(ProjectConfigurationPlatforms) = postSolution
		{54DAE615-621E-4802-996A-C8D7CDCF00BC}.Debug|Any CPU.ActiveCfg = Debug|Any CPU
		{54DAE615-621E-4802-996A-C8D7CDCF00BC}.Debug|Any CPU.Build.0 = Debug|Any CPU
		{54DAE615-621E-4802-996A-C8D7CDCF00BC}.Release|Any CPU.ActiveCfg = Release|Any CPU
		{54DAE615-621E-4802-996A-C8D7CDCF00BC}.Release|Any CPU.Build.0 = Release|Any CPU
	EndGlobalSection
	GlobalSection(SolutionProperties) = preSolution
		HideSolutionNode = FALSE
	EndGlobalSection
	GlobalSection(ExtensibilityGlobals) = postSolution
		SolutionGuid = {E8F29286-418F-443A-B2A6-D9E3D8BE57C5}
	EndGlobalSection
EndGlobal
